<?xml version="1.0" encoding="utf-8"?>
<Project ToolsVersion="4.0" xmlns="http://schemas.microsoft.com/developer/msbuild/2003">
  <ItemGroup>
    <Filter Include="Quelldateien">
      <UniqueIdentifier>{4FC737F1-C7A5-4376-A066-2A32D752A2FF}</UniqueIdentifier>
      <Extensions>cpp;c;cc;cxx;c++;cppm;ixx;def;odl;idl;hpj;bat;asm;asmx</Extensions>
    </Filter>
    <Filter Include="Models">
      <UniqueIdentifier>{35793441-1007-42e4-8bb9-6a765ba95e05}</UniqueIdentifier>
    </Filter>
    <Filter Include="Views">
      <UniqueIdentifier>{7757579b-9268-4a90-93d5-7583e0bc98c9}</UniqueIdentifier>
    </Filter>
    <Filter Include="Controllers">
      <UniqueIdentifier>{98e77cb8-795f-4b45-a860-79dd167b1dbf}</UniqueIdentifier>
    </Filter>
    <Filter Include="Helpers">
      <UniqueIdentifier>{55ff8a38-31fc-4f4e-a528-5308f1c59b2c}</UniqueIdentifier>
    </Filter>
  </ItemGroup>
  <ItemGroup>
    <ClCompile Include="Main.cpp">
      <Filter>Quelldateien</Filter>
    </ClCompile>
    <ClCompile Include="MasterAccount.cpp">
      <Filter>Models</Filter>
    </ClCompile>
    <ClCompile Include="Team.cpp">
      <Filter>Models</Filter>
    </ClCompile>
    <ClCompile Include="Crypto.cpp">
      <Filter>Helpers</Filter>
    </ClCompile>
  </ItemGroup>
  <ItemGroup>
    <ClInclude Include="MasterAccount.h">
      <Filter>Models</Filter>
    </ClInclude>
    <ClInclude Include="Team.h">
      <Filter>Models</Filter>
    </ClInclude>
    <ClInclude Include="Crypto.h">
      <Filter>Helpers</Filter>
    </ClInclude>
  </ItemGroup>
</Project>